
Microsoft Visual Studio Solution File, Format Version 12.00
# Visual Studio 15
VisualStudioVersion = 15.0.27703.2000
MinimumVisualStudioVersion = 10.0.40219.1
Project("{FAE04EC0-301F-11D3-BF4B-00C04F79EFBC}") = "MLNetTitanic", "MLNetTitanic\MLNetTitanic.csproj", "{A69929A0-DAB3-4E57-A524-A2BDA5C2A8E6}"
EndProject
Project("{DA7A21FA-8162-4350-AD77-A8D1B671F3ED}") = "SplitDataset", "SplitDataset\SplitDataset.rxproj", "{353B1C91-8BD5-4CA9-AE87-23D22ACD9BC6}"
EndProject
Global
	GlobalSection(SolutionConfigurationPlatforms) = preSolution
		Debug|Any CPU = Debug|Any CPU
		Release|Any CPU = Release|Any CPU
	EndGlobalSection
	GlobalSection(ProjectConfigurationPlatforms) = postSolution
		{A69929A0-DAB3-4E57-A524-A2BDA5C2A8E6}.Debug|Any CPU.ActiveCfg = Debug|Any CPU
		{A69929A0-DAB3-4E57-A524-A2BDA5C2A8E6}.Debug|Any CPU.Build.0 = Debug|Any CPU
		{A69929A0-DAB3-4E57-A524-A2BDA5C2A8E6}.Release|Any CPU.ActiveCfg = Release|Any CPU
		{A69929A0-DAB3-4E57-A524-A2BDA5C2A8E6}.Release|Any CPU.Build.0 = Release|Any CPU
		{353B1C91-8BD5-4CA9-AE87-23D22ACD9BC6}.Debug|Any CPU.ActiveCfg = Debug|Any CPU
		{353B1C91-8BD5-4CA9-AE87-23D22ACD9BC6}.Debug|Any CPU.Build.0 = Debug|Any CPU
		{353B1C91-8BD5-4CA9-AE87-23D22ACD9BC6}.Release|Any CPU.ActiveCfg = Release|Any CPU
		{353B1C91-8BD5-4CA9-AE87-23D22ACD9BC6}.Release|Any CPU.Build.0 = Release|Any CPU
	EndGlobalSection
	GlobalSection(SolutionProperties) = preSolution
		HideSolutionNode = FALSE
	EndGlobalSection
	GlobalSection(ExtensibilityGlobals) = postSolution
		SolutionGuid = {E2F24586-4F16-464F-A159-616ABE9F1E8F}
	EndGlobalSection
EndGlobal
